
Microsoft Visual Studio Solution File, Format Version 12.00
# Visual Studio Version 16
VisualStudioVersion = 16.0.28803.156
MinimumVisualStudioVersion = 10.0.40219.1
Project("{FAE04EC0-301F-11D3-BF4B-00C04F79EFBC}") = "CSACC2", "CSACC2\CSACC2.csproj", "{7AE8D02D-58EB-4927-BD2B-CCA970E2B289}"
EndProject
Global
	GlobalSection(SolutionConfigurationPlatforms) = preSolution
		Debug|Any CPU = Debug|Any CPU
		Release|Any CPU = Release|Any CPU
	EndGlobalSection
	GlobalSection(ProjectConfigurationPlatforms) = postSolution
		{7AE8D02D-58EB-4927-BD2B-CCA970E2B289}.Debug|Any CPU.ActiveCfg = Debug|Any CPU
		{7AE8D02D-58EB-4927-BD2B-CCA970E2B289}.Debug|Any CPU.Build.0 = Debug|Any CPU
		{7AE8D02D-58EB-4927-BD2B-CCA970E2B289}.Release|Any CPU.ActiveCfg = Release|Any CPU
		{7AE8D02D-58EB-4927-BD2B-CCA970E2B289}.Release|Any CPU.Build.0 = Release|Any CPU
	EndGlobalSection
	GlobalSection(SolutionProperties) = preSolution
		HideSolutionNode = FALSE
	EndGlobalSection
	GlobalSection(ExtensibilityGlobals) = postSolution
		SolutionGuid = {F5FD0089-DD5F-4B07-9B8A-E1A8EF65871A}
	EndGlobalSection
EndGlobal
