
Microsoft Visual Studio Solution File, Format Version 12.00
# Visual Studio Version 16
VisualStudioVersion = 16.0.28803.156
MinimumVisualStudioVersion = 10.0.40219.1
Project("{FAE04EC0-301F-11D3-BF4B-00C04F79EFBC}") = "CSACC", "CSACC\CSACC.csproj", "{06CA7F61-3FC8-46F1-AE61-42A12E6372A1}"
EndProject
Global
	GlobalSection(SolutionConfigurationPlatforms) = preSolution
		Debug|Any CPU = Debug|Any CPU
		Release|Any CPU = Release|Any CPU
	EndGlobalSection
	GlobalSection(ProjectConfigurationPlatforms) = postSolution
		{06CA7F61-3FC8-46F1-AE61-42A12E6372A1}.Debug|Any CPU.ActiveCfg = Debug|Any CPU
		{06CA7F61-3FC8-46F1-AE61-42A12E6372A1}.Debug|Any CPU.Build.0 = Debug|Any CPU
		{06CA7F61-3FC8-46F1-AE61-42A12E6372A1}.Release|Any CPU.ActiveCfg = Release|Any CPU
		{06CA7F61-3FC8-46F1-AE61-42A12E6372A1}.Release|Any CPU.Build.0 = Release|Any CPU
	EndGlobalSection
	GlobalSection(SolutionProperties) = preSolution
		HideSolutionNode = FALSE
	EndGlobalSection
	GlobalSection(ExtensibilityGlobals) = postSolution
		SolutionGuid = {47DBFA0D-22D2-41F1-B651-BA3431747E74}
	EndGlobalSection
EndGlobal
